
Microsoft Visual Studio Solution File, Format Version 12.00
# Visual Studio 2012
Project("{8BC9CEB8-8B4A-11D0-8D11-00A0C91BC942}") = "SMCOnStack1", "SMCOnStack1\SMCOnStack1.vcxproj", "{5E6423C9-C1D6-4DBA-84CC-71A0F0B3C50C}"
EndProject
Global
	GlobalSection(SolutionConfigurationPlatforms) = preSolution
		Debug|Win32 = Debug|Win32
		Release|Win32 = Release|Win32
	EndGlobalSection
	GlobalSection(ProjectConfigurationPlatforms) = postSolution
		{5E6423C9-C1D6-4DBA-84CC-71A0F0B3C50C}.Debug|Win32.ActiveCfg = Debug|Win32
		{5E6423C9-C1D6-4DBA-84CC-71A0F0B3C50C}.Debug|Win32.Build.0 = Debug|Win32
		{5E6423C9-C1D6-4DBA-84CC-71A0F0B3C50C}.Release|Win32.ActiveCfg = Release|Win32
		{5E6423C9-C1D6-4DBA-84CC-71A0F0B3C50C}.Release|Win32.Build.0 = Release|Win32
	EndGlobalSection
	GlobalSection(SolutionProperties) = preSolution
		HideSolutionNode = FALSE
	EndGlobalSection
EndGlobal
