
Microsoft Visual Studio Solution File, Format Version 12.00
# Visual Studio 2012
Project("{8BC9CEB8-8B4A-11D0-8D11-00A0C91BC942}") = "BadJump1", "BadJump1\BadJump1.vcxproj", "{2BAF45E6-6CC3-4932-9572-B69795D3A896}"
EndProject
Global
	GlobalSection(SolutionConfigurationPlatforms) = preSolution
		Debug|Win32 = Debug|Win32
		Release|Win32 = Release|Win32
	EndGlobalSection
	GlobalSection(ProjectConfigurationPlatforms) = postSolution
		{2BAF45E6-6CC3-4932-9572-B69795D3A896}.Debug|Win32.ActiveCfg = Debug|Win32
		{2BAF45E6-6CC3-4932-9572-B69795D3A896}.Debug|Win32.Build.0 = Debug|Win32
		{2BAF45E6-6CC3-4932-9572-B69795D3A896}.Release|Win32.ActiveCfg = Release|Win32
		{2BAF45E6-6CC3-4932-9572-B69795D3A896}.Release|Win32.Build.0 = Release|Win32
	EndGlobalSection
	GlobalSection(SolutionProperties) = preSolution
		HideSolutionNode = FALSE
	EndGlobalSection
EndGlobal
